
Microsoft Visual Studio Solution File, Format Version 12.00
# Visual Studio Version 17
VisualStudioVersion = 17.5.33516.290
MinimumVisualStudioVersion = 10.0.40219.1
Project("{9A19103F-16F7-4668-BE54-9A1E7A4F7556}") = "Keeper.Api", "Keeper.Api\Keeper.Api.csproj", "{2423B211-EC96-40A2-B8C7-0A1DBD6C20BF}"
EndProject
Project("{9A19103F-16F7-4668-BE54-9A1E7A4F7556}") = "Keeper.Core", "Keeper.Core\Keeper.Core.csproj", "{C1D4F649-B0FF-4033-912C-FA7E07E6E6D0}"
EndProject
Project("{9A19103F-16F7-4668-BE54-9A1E7A4F7556}") = "Keeper.Test", "Keeper.Test\Keeper.Test.csproj", "{0C239702-53A0-491B-A7BE-840E2FFDADF7}"
EndProject
Project("{FAE04EC0-301F-11D3-BF4B-00C04F79EFBC}") = "Keeper.Client", "Keeper.Client\Keeper.Client.csproj", "{D2C653B2-3656-45C6-AE40-BDFCB096E114}"
EndProject
Global
	GlobalSection(SolutionConfigurationPlatforms) = preSolution
		Debug|Any CPU = Debug|Any CPU
		Release|Any CPU = Release|Any CPU
	EndGlobalSection
	GlobalSection(ProjectConfigurationPlatforms) = postSolution
		{2423B211-EC96-40A2-B8C7-0A1DBD6C20BF}.Debug|Any CPU.ActiveCfg = Debug|Any CPU
		{2423B211-EC96-40A2-B8C7-0A1DBD6C20BF}.Debug|Any CPU.Build.0 = Debug|Any CPU
		{2423B211-EC96-40A2-B8C7-0A1DBD6C20BF}.Release|Any CPU.ActiveCfg = Release|Any CPU
		{2423B211-EC96-40A2-B8C7-0A1DBD6C20BF}.Release|Any CPU.Build.0 = Release|Any CPU
		{C1D4F649-B0FF-4033-912C-FA7E07E6E6D0}.Debug|Any CPU.ActiveCfg = Debug|Any CPU
		{C1D4F649-B0FF-4033-912C-FA7E07E6E6D0}.Debug|Any CPU.Build.0 = Debug|Any CPU
		{C1D4F649-B0FF-4033-912C-FA7E07E6E6D0}.Release|Any CPU.ActiveCfg = Release|Any CPU
		{C1D4F649-B0FF-4033-912C-FA7E07E6E6D0}.Release|Any CPU.Build.0 = Release|Any CPU
		{0C239702-53A0-491B-A7BE-840E2FFDADF7}.Debug|Any CPU.ActiveCfg = Debug|Any CPU
		{0C239702-53A0-491B-A7BE-840E2FFDADF7}.Debug|Any CPU.Build.0 = Debug|Any CPU
		{0C239702-53A0-491B-A7BE-840E2FFDADF7}.Release|Any CPU.ActiveCfg = Release|Any CPU
		{0C239702-53A0-491B-A7BE-840E2FFDADF7}.Release|Any CPU.Build.0 = Release|Any CPU
		{D2C653B2-3656-45C6-AE40-BDFCB096E114}.Debug|Any CPU.ActiveCfg = Debug|Any CPU
		{D2C653B2-3656-45C6-AE40-BDFCB096E114}.Debug|Any CPU.Build.0 = Debug|Any CPU
		{D2C653B2-3656-45C6-AE40-BDFCB096E114}.Release|Any CPU.ActiveCfg = Release|Any CPU
		{D2C653B2-3656-45C6-AE40-BDFCB096E114}.Release|Any CPU.Build.0 = Release|Any CPU
	EndGlobalSection
	GlobalSection(SolutionProperties) = preSolution
		HideSolutionNode = FALSE
	EndGlobalSection
	GlobalSection(ExtensibilityGlobals) = postSolution
		SolutionGuid = {13125D09-352B-4FFE-B9D6-D1ADD96AED90}
	EndGlobalSection
EndGlobal
